<?xml version="1.0" encoding="utf-8"?>
<Project ToolsVersion="4.0" xmlns="http://schemas.microsoft.com/developer/msbuild/2003">
  <ItemGroup>
    <Filter Include="Wolfer">
      <UniqueIdentifier>{B46BE5DA-A00D-10B1-89C8-230575099701}</UniqueIdentifier>
    </Filter>
    <Filter Include="Wolfer\Events">
      <UniqueIdentifier>{1865FE74-8425-7AAB-4D60-C328B9DFBE87}</UniqueIdentifier>
    </Filter>
  </ItemGroup>
  <ItemGroup>
    <ClInclude Include="src\Wolfer.h" />
    <ClInclude Include="src\Wolfer\Application.h">
      <Filter>Wolfer</Filter>
    </ClInclude>
    <ClInclude Include="src\Wolfer\Core.h">
      <Filter>Wolfer</Filter>
    </ClInclude>
    <ClInclude Include="src\Wolfer\EntryPoint.h">
      <Filter>Wolfer</Filter>
    </ClInclude>
    <ClInclude Include="src\Wolfer\Events\ApplicationEvent.h">
      <Filter>Wolfer\Events</Filter>
    </ClInclude>
    <ClInclude Include="src\Wolfer\Events\Event.h">
      <Filter>Wolfer\Events</Filter>
    </ClInclude>
    <ClInclude Include="src\Wolfer\Events\KeyEvent.h">
      <Filter>Wolfer\Events</Filter>
    </ClInclude>
    <ClInclude Include="src\Wolfer\Events\MouseEvent.h">
      <Filter>Wolfer\Events</Filter>
    </ClInclude>
    <ClInclude Include="src\Wolfer\Log.h">
      <Filter>Wolfer</Filter>
    </ClInclude>
  </ItemGroup>
  <ItemGroup>
    <ClCompile Include="src\Wolfer\Application.cpp">
      <Filter>Wolfer</Filter>
    </ClCompile>
    <ClCompile Include="src\Wolfer\Log.cpp">
      <Filter>Wolfer</Filter>
    </ClCompile>
  </ItemGroup>
</Project>